
Microsoft Visual Studio Solution File, Format Version 12.00
# Visual Studio Version 17
VisualStudioVersion = 17.10.35122.118
MinimumVisualStudioVersion = 10.0.40219.1
Project("{FAE04EC0-301F-11D3-BF4B-00C04F79EFBC}") = "GUI", "GUI\GUI.csproj", "{91D880E8-BA62-4383-83C4-05F002F3F410}"
EndProject
Project("{FAE04EC0-301F-11D3-BF4B-00C04F79EFBC}") = "BLL", "BLL\BLL.csproj", "{3A994C3B-C8C6-4733-9238-1DE3C7FC031A}"
EndProject
Global
	GlobalSection(SolutionConfigurationPlatforms) = preSolution
		Debug|Any CPU = Debug|Any CPU
		Release|Any CPU = Release|Any CPU
	EndGlobalSection
	GlobalSection(ProjectConfigurationPlatforms) = postSolution
		{91D880E8-BA62-4383-83C4-05F002F3F410}.Debug|Any CPU.ActiveCfg = Debug|Any CPU
		{91D880E8-BA62-4383-83C4-05F002F3F410}.Debug|Any CPU.Build.0 = Debug|Any CPU
		{91D880E8-BA62-4383-83C4-05F002F3F410}.Release|Any CPU.ActiveCfg = Release|Any CPU
		{91D880E8-BA62-4383-83C4-05F002F3F410}.Release|Any CPU.Build.0 = Release|Any CPU
		{3A994C3B-C8C6-4733-9238-1DE3C7FC031A}.Debug|Any CPU.ActiveCfg = Debug|Any CPU
		{3A994C3B-C8C6-4733-9238-1DE3C7FC031A}.Debug|Any CPU.Build.0 = Debug|Any CPU
		{3A994C3B-C8C6-4733-9238-1DE3C7FC031A}.Release|Any CPU.ActiveCfg = Release|Any CPU
		{3A994C3B-C8C6-4733-9238-1DE3C7FC031A}.Release|Any CPU.Build.0 = Release|Any CPU
	EndGlobalSection
	GlobalSection(SolutionProperties) = preSolution
		HideSolutionNode = FALSE
	EndGlobalSection
	GlobalSection(ExtensibilityGlobals) = postSolution
		SolutionGuid = {6ED7ECF0-09FF-4DC6-94D5-EFE201411D97}
	EndGlobalSection
EndGlobal
